
Microsoft Visual Studio Solution File, Format Version 12.00
# Visual Studio Version 16
VisualStudioVersion = 16.0.30717.126
MinimumVisualStudioVersion = 10.0.40219.1
Project("{9A19103F-16F7-4668-BE54-9A1E7A4F7556}") = "NFL", "NFL\NFL.csproj", "{8DEB01D6-2E7D-410A-8CC0-D22EF3135C1A}"
EndProject
Project("{FAE04EC0-301F-11D3-BF4B-00C04F79EFBC}") = "IranyitoMutato", "IranyitoMutato\IranyitoMutato.csproj", "{EE620301-2689-47B1-8B35-4381A5137FFD}"
EndProject
Global
	GlobalSection(SolutionConfigurationPlatforms) = preSolution
		Debug|Any CPU = Debug|Any CPU
		Release|Any CPU = Release|Any CPU
	EndGlobalSection
	GlobalSection(ProjectConfigurationPlatforms) = postSolution
		{8DEB01D6-2E7D-410A-8CC0-D22EF3135C1A}.Debug|Any CPU.ActiveCfg = Debug|Any CPU
		{8DEB01D6-2E7D-410A-8CC0-D22EF3135C1A}.Debug|Any CPU.Build.0 = Debug|Any CPU
		{8DEB01D6-2E7D-410A-8CC0-D22EF3135C1A}.Release|Any CPU.ActiveCfg = Release|Any CPU
		{8DEB01D6-2E7D-410A-8CC0-D22EF3135C1A}.Release|Any CPU.Build.0 = Release|Any CPU
		{EE620301-2689-47B1-8B35-4381A5137FFD}.Debug|Any CPU.ActiveCfg = Debug|Any CPU
		{EE620301-2689-47B1-8B35-4381A5137FFD}.Debug|Any CPU.Build.0 = Debug|Any CPU
		{EE620301-2689-47B1-8B35-4381A5137FFD}.Release|Any CPU.ActiveCfg = Release|Any CPU
		{EE620301-2689-47B1-8B35-4381A5137FFD}.Release|Any CPU.Build.0 = Release|Any CPU
	EndGlobalSection
	GlobalSection(SolutionProperties) = preSolution
		HideSolutionNode = FALSE
	EndGlobalSection
	GlobalSection(ExtensibilityGlobals) = postSolution
		SolutionGuid = {82C9A0D9-77DB-440D-A455-CAD7AB1742CE}
	EndGlobalSection
EndGlobal
