
Microsoft Visual Studio Solution File, Format Version 12.00
# Visual Studio Version 16
VisualStudioVersion = 16.0.30907.101
MinimumVisualStudioVersion = 10.0.40219.1
Project("{FAE04EC0-301F-11D3-BF4B-00C04F79EFBC}") = "sudokuCLI", "sudokuCLI\sudokuCLI.csproj", "{D2193BB8-70C9-473C-AC02-9F80802F2CCB}"
EndProject
Project("{FAE04EC0-301F-11D3-BF4B-00C04F79EFBC}") = "sudokuGUI", "sudokuGUI\sudokuGUI.csproj", "{85842ED6-1328-47CC-AE0F-6B30DA3DBC8D}"
EndProject
Global
	GlobalSection(SolutionConfigurationPlatforms) = preSolution
		Debug|Any CPU = Debug|Any CPU
		Release|Any CPU = Release|Any CPU
	EndGlobalSection
	GlobalSection(ProjectConfigurationPlatforms) = postSolution
		{D2193BB8-70C9-473C-AC02-9F80802F2CCB}.Debug|Any CPU.ActiveCfg = Debug|Any CPU
		{D2193BB8-70C9-473C-AC02-9F80802F2CCB}.Debug|Any CPU.Build.0 = Debug|Any CPU
		{D2193BB8-70C9-473C-AC02-9F80802F2CCB}.Release|Any CPU.ActiveCfg = Release|Any CPU
		{D2193BB8-70C9-473C-AC02-9F80802F2CCB}.Release|Any CPU.Build.0 = Release|Any CPU
		{85842ED6-1328-47CC-AE0F-6B30DA3DBC8D}.Debug|Any CPU.ActiveCfg = Debug|Any CPU
		{85842ED6-1328-47CC-AE0F-6B30DA3DBC8D}.Debug|Any CPU.Build.0 = Debug|Any CPU
		{85842ED6-1328-47CC-AE0F-6B30DA3DBC8D}.Release|Any CPU.ActiveCfg = Release|Any CPU
		{85842ED6-1328-47CC-AE0F-6B30DA3DBC8D}.Release|Any CPU.Build.0 = Release|Any CPU
	EndGlobalSection
	GlobalSection(SolutionProperties) = preSolution
		HideSolutionNode = FALSE
	EndGlobalSection
	GlobalSection(ExtensibilityGlobals) = postSolution
		SolutionGuid = {7B99F838-CE54-43CD-87B7-430AA7F29D26}
	EndGlobalSection
EndGlobal
